
Microsoft Visual Studio Solution File, Format Version 12.00
# Visual Studio 15
VisualStudioVersion = 15.0.28307.329
MinimumVisualStudioVersion = 10.0.40219.1
Project("{FAE04EC0-301F-11D3-BF4B-00C04F79EFBC}") = "MarsRover", "MarsRover\MarsRover.csproj", "{FFE995C5-97E7-4A83-91DF-6DA003319BC0}"
EndProject
Global
	GlobalSection(SolutionConfigurationPlatforms) = preSolution
		Debug|Any CPU = Debug|Any CPU
		Release|Any CPU = Release|Any CPU
	EndGlobalSection
	GlobalSection(ProjectConfigurationPlatforms) = postSolution
		{FFE995C5-97E7-4A83-91DF-6DA003319BC0}.Debug|Any CPU.ActiveCfg = Debug|Any CPU
		{FFE995C5-97E7-4A83-91DF-6DA003319BC0}.Debug|Any CPU.Build.0 = Debug|Any CPU
		{FFE995C5-97E7-4A83-91DF-6DA003319BC0}.Release|Any CPU.ActiveCfg = Release|Any CPU
		{FFE995C5-97E7-4A83-91DF-6DA003319BC0}.Release|Any CPU.Build.0 = Release|Any CPU
	EndGlobalSection
	GlobalSection(SolutionProperties) = preSolution
		HideSolutionNode = FALSE
	EndGlobalSection
	GlobalSection(ExtensibilityGlobals) = postSolution
		SolutionGuid = {2C5AADD3-708D-428C-AC97-828CA2A4A40D}
	EndGlobalSection
EndGlobal
